
Microsoft Visual Studio Solution File, Format Version 12.00
# Visual Studio Version 16
VisualStudioVersion = 16.0.30523.141
MinimumVisualStudioVersion = 10.0.40219.1
Project("{FAE04EC0-301F-11D3-BF4B-00C04F79EFBC}") = "DotNetCore_OpeningHoursQuestion", "DotNetCore_OpeningHoursQuestion\DotNetCore_OpeningHoursQuestion.csproj", "{BE5B5F41-2ED0-453C-BAF4-2617414F2A60}"
EndProject
Global
	GlobalSection(SolutionConfigurationPlatforms) = preSolution
		Debug|Any CPU = Debug|Any CPU
		Release|Any CPU = Release|Any CPU
	EndGlobalSection
	GlobalSection(ProjectConfigurationPlatforms) = postSolution
		{BE5B5F41-2ED0-453C-BAF4-2617414F2A60}.Debug|Any CPU.ActiveCfg = Debug|Any CPU
		{BE5B5F41-2ED0-453C-BAF4-2617414F2A60}.Debug|Any CPU.Build.0 = Debug|Any CPU
		{BE5B5F41-2ED0-453C-BAF4-2617414F2A60}.Release|Any CPU.ActiveCfg = Release|Any CPU
		{BE5B5F41-2ED0-453C-BAF4-2617414F2A60}.Release|Any CPU.Build.0 = Release|Any CPU
	EndGlobalSection
	GlobalSection(SolutionProperties) = preSolution
		HideSolutionNode = FALSE
	EndGlobalSection
	GlobalSection(ExtensibilityGlobals) = postSolution
		SolutionGuid = {5FBB798F-CFA6-46C9-8CC3-A3F527E5A6D5}
	EndGlobalSection
EndGlobal
